// !$*UTF8*$!
{
	archiveVersion = 1;
	classes = {
	};
	objectVersion = 60;
	objects = {

/* Begin PBXBuildFile section */
		EA0B98442AE57B4300E6F0AB /* EmptyImagePicker.swift in Sources */ = {isa = PBXBuildFile; fileRef = EA0B98432AE57B4300E6F0AB /* EmptyImagePicker.swift */; };
		EA19784A2AF909D400222DDA /* RectKey.swift in Sources */ = {isa = PBXBuildFile; fileRef = EA1978492AF909D400222DDA /* RectKey.swift */; };
		EA1C5F512AE9F2CF00767CBD /* SettingsView.swift in Sources */ = {isa = PBXBuildFile; fileRef = EA1C5F502AE9F2CF00767CBD /* SettingsView.swift */; };
		EA2390112AAD611900F6AB28 /* Navigation+Extension.swift in Sources */ = {isa = PBXBuildFile; fileRef = EA2390102AAD611900F6AB28 /* Navigation+Extension.swift */; };
		EA2C3BCA2AC41F7100D2FBB3 /* Bundle-Decodable.swift in Sources */ = {isa = PBXBuildFile; fileRef = EA2C3BC92AC41F7100D2FBB3 /* Bundle-Decodable.swift */; };
		EA2C3BCD2AC46D3700D2FBB3 /* Award.swift in Sources */ = {isa = PBXBuildFile; fileRef = EA2C3BCC2AC46D3700D2FBB3 /* Award.swift */; };
		EA2C3BCF2AC46DAB00D2FBB3 /* AwardsView.swift in Sources */ = {isa = PBXBuildFile; fileRef = EA2C3BCE2AC46DAB00D2FBB3 /* AwardsView.swift */; };
		EA31488B2AD3DB92005CEF84 /* SidebarViewToolbar.swift in Sources */ = {isa = PBXBuildFile; fileRef = EA31488A2AD3DB92005CEF84 /* SidebarViewToolbar.swift */; };
		EA31488D2AD3E0E9005CEF84 /* CatalystViewToolbar.swift in Sources */ = {isa = PBXBuildFile; fileRef = EA31488C2AD3E0E9005CEF84 /* CatalystViewToolbar.swift */; };
		EA35AD512A939A1100B6A4D2 /* ImagePicker.swift in Sources */ = {isa = PBXBuildFile; fileRef = EA35AD502A939A1100B6A4D2 /* ImagePicker.swift */; };
		EA398E502A7B907A00530474 /* CatalystView.swift in Sources */ = {isa = PBXBuildFile; fileRef = EA398E4F2A7B907A00530474 /* CatalystView.swift */; };
		EA398E522A7B907F00530474 /* NoCatalystView.swift in Sources */ = {isa = PBXBuildFile; fileRef = EA398E512A7B907F00530474 /* NoCatalystView.swift */; };
		EA3A7A772ADFB396006A93BC /* CatalystRowTransparent.swift in Sources */ = {isa = PBXBuildFile; fileRef = EA3A7A762ADFB396006A93BC /* CatalystRowTransparent.swift */; };
		EA3A7A792ADFB8CD006A93BC /* EmojiFunc.swift in Sources */ = {isa = PBXBuildFile; fileRef = EA3A7A782ADFB8CD006A93BC /* EmojiFunc.swift */; };
		EA3B48D22AFC973900C32C47 /* BorderedText.swift in Sources */ = {isa = PBXBuildFile; fileRef = EA3B48D12AFC973900C32C47 /* BorderedText.swift */; };
		EA44E62F2AD62927002B36B4 /* UserFilterRow.swift in Sources */ = {isa = PBXBuildFile; fileRef = EA44E62E2AD62927002B36B4 /* UserFilterRow.swift */; };
		EA5F7D962AD577B2003982D2 /* ContentViewToolbar.swift in Sources */ = {isa = PBXBuildFile; fileRef = EA5F7D952AD577B2003982D2 /* ContentViewToolbar.swift */; };
		EA6D13C32AE695D700AFBAF7 /* WidgetKit.framework in Frameworks */ = {isa = PBXBuildFile; fileRef = EA6D13C22AE695D700AFBAF7 /* WidgetKit.framework */; };
		EA6D13C52AE695D700AFBAF7 /* SwiftUI.framework in Frameworks */ = {isa = PBXBuildFile; fileRef = EA6D13C42AE695D700AFBAF7 /* SwiftUI.framework */; };
		EA6D13C82AE695D700AFBAF7 /* DailyCatalystWidgetBundle.swift in Sources */ = {isa = PBXBuildFile; fileRef = EA6D13C72AE695D700AFBAF7 /* DailyCatalystWidgetBundle.swift */; };
		EA6D13CA2AE695D700AFBAF7 /* DailyCatalystWidgetLiveActivity.swift in Sources */ = {isa = PBXBuildFile; fileRef = EA6D13C92AE695D700AFBAF7 /* DailyCatalystWidgetLiveActivity.swift */; };
		EA6D13CC2AE695D700AFBAF7 /* DailyCatalystWidget.swift in Sources */ = {isa = PBXBuildFile; fileRef = EA6D13CB2AE695D700AFBAF7 /* DailyCatalystWidget.swift */; };
		EA6D13CE2AE695D700AFBAF7 /* AppIntent.swift in Sources */ = {isa = PBXBuildFile; fileRef = EA6D13CD2AE695D700AFBAF7 /* AppIntent.swift */; };
		EA6D13D02AE695D900AFBAF7 /* Assets.xcassets in Resources */ = {isa = PBXBuildFile; fileRef = EA6D13CF2AE695D900AFBAF7 /* Assets.xcassets */; };
		EA6D13D42AE695D900AFBAF7 /* DailyCatalystWidgetExtension.appex in Embed Foundation Extensions */ = {isa = PBXBuildFile; fileRef = EA6D13C02AE695D700AFBAF7 /* DailyCatalystWidgetExtension.appex */; settings = {ATTRIBUTES = (RemoveHeadersOnCopy, ); }; };
		EA6D6F4D2A7FE9CF008B43AB /* NewIdentityView.swift in Sources */ = {isa = PBXBuildFile; fileRef = EA6D6F4C2A7FE9CF008B43AB /* NewIdentityView.swift */; };
		EA860E442AFA526A006A0BD6 /* AddScreenLayer.swift in Sources */ = {isa = PBXBuildFile; fileRef = EA860E432AFA526A006A0BD6 /* AddScreenLayer.swift */; };
		EA86A7292AA0CF9E007D090F /* WrappedHStackView.swift in Sources */ = {isa = PBXBuildFile; fileRef = EA86A7282AA0CF9E007D090F /* WrappedHStackView.swift */; };
		EA9BFB342AE3129000D15AE5 /* StaggeredGrid.swift in Sources */ = {isa = PBXBuildFile; fileRef = EA9BFB332AE3129000D15AE5 /* StaggeredGrid.swift */; };
		EAA597882AF86CB10013C19F /* View+Extension.swift in Sources */ = {isa = PBXBuildFile; fileRef = EAA597872AF86CB10013C19F /* View+Extension.swift */; };
		EAB293872AC9E9EF006355B1 /* SymbolPicker in Frameworks */ = {isa = PBXBuildFile; productRef = EAB293862AC9E9EF006355B1 /* SymbolPicker */; };
		EAB6E8A72A8F54A600986A61 /* SingleIdentity.swift in Sources */ = {isa = PBXBuildFile; fileRef = EAB6E8A62A8F54A600986A61 /* SingleIdentity.swift */; };
		EAB7FCDA2A7AC0780022F01D /* SidebarView.swift in Sources */ = {isa = PBXBuildFile; fileRef = EAB7FCD92A7AC0780022F01D /* SidebarView.swift */; };
		EAB7FCDC2A7AC07F0022F01D /* DetailView.swift in Sources */ = {isa = PBXBuildFile; fileRef = EAB7FCDB2A7AC07F0022F01D /* DetailView.swift */; };
		EAB7FCDE2A7AC18E0022F01D /* Filter.swift in Sources */ = {isa = PBXBuildFile; fileRef = EAB7FCDD2A7AC18E0022F01D /* Filter.swift */; };
		EABD657D2A7AF420002A0BDC /* Catalyst-CoreDataHelpers.swift in Sources */ = {isa = PBXBuildFile; fileRef = EABD657C2A7AF420002A0BDC /* Catalyst-CoreDataHelpers.swift */; };
		EABD657F2A7AF671002A0BDC /* Identity-CoreDataHelpers.swift in Sources */ = {isa = PBXBuildFile; fileRef = EABD657E2A7AF671002A0BDC /* Identity-CoreDataHelpers.swift */; };
		EABD65812A7AFCA3002A0BDC /* CatalystRow.swift in Sources */ = {isa = PBXBuildFile; fileRef = EABD65802A7AFCA3002A0BDC /* CatalystRow.swift */; };
		EAD087962AC5C49100078E81 /* AnimatedAwardView.swift in Sources */ = {isa = PBXBuildFile; fileRef = EAD087952AC5C49100078E81 /* AnimatedAwardView.swift */; };
		EAD087992AC5C7DF00078E81 /* Awards.json in Resources */ = {isa = PBXBuildFile; fileRef = EAD087972AC5C7DF00078E81 /* Awards.json */; };
		EAD0879A2AC5C7DF00078E81 /* Colors.xcassets in Resources */ = {isa = PBXBuildFile; fileRef = EAD087982AC5C7DF00078E81 /* Colors.xcassets */; };
		EAD51EFA2A790FFC00A777E7 /* DailyCatalystApp.swift in Sources */ = {isa = PBXBuildFile; fileRef = EAD51EF92A790FFC00A777E7 /* DailyCatalystApp.swift */; };
		EAD51EFC2A790FFC00A777E7 /* ContentView.swift in Sources */ = {isa = PBXBuildFile; fileRef = EAD51EFB2A790FFC00A777E7 /* ContentView.swift */; };
		EAD51EFE2A790FFD00A777E7 /* Assets.xcassets in Resources */ = {isa = PBXBuildFile; fileRef = EAD51EFD2A790FFD00A777E7 /* Assets.xcassets */; };
		EAD51F012A790FFD00A777E7 /* Preview Assets.xcassets in Resources */ = {isa = PBXBuildFile; fileRef = EAD51F002A790FFD00A777E7 /* Preview Assets.xcassets */; };
		EAD51F092A79100700A777E7 /* Main.xcdatamodeld in Sources */ = {isa = PBXBuildFile; fileRef = EAD51F072A79100700A777E7 /* Main.xcdatamodeld */; };
		EAD51F0B2A79119400A777E7 /* DataController.swift in Sources */ = {isa = PBXBuildFile; fileRef = EAD51F0A2A79119400A777E7 /* DataController.swift */; };
		EADD7CDE2A9068FD00541B76 /* EmojiCard.swift in Sources */ = {isa = PBXBuildFile; fileRef = EADD7CDD2A9068FD00541B76 /* EmojiCard.swift */; };
		EADE562C2A7E83A300F28948 /* NewCatalystView.swift in Sources */ = {isa = PBXBuildFile; fileRef = EADE562B2A7E83A300F28948 /* NewCatalystView.swift */; };
		EAE516412AF75BC400D37877 /* Layer+Extensions.swift in Sources */ = {isa = PBXBuildFile; fileRef = EAE516402AF75BC400D37877 /* Layer+Extensions.swift */; };
		EAE516432AF75BC700D37877 /* Layer.swift in Sources */ = {isa = PBXBuildFile; fileRef = EAE516422AF75BC700D37877 /* Layer.swift */; };
/* End PBXBuildFile section */

/* Begin PBXContainerItemProxy section */
		EA6D13D22AE695D900AFBAF7 /* PBXContainerItemProxy */ = {
			isa = PBXContainerItemProxy;
			containerPortal = EAD51EEE2A790FFC00A777E7 /* Project object */;
			proxyType = 1;
			remoteGlobalIDString = EA6D13BF2AE695D700AFBAF7;
			remoteInfo = DailyCatalystWidgetExtension;
		};
/* End PBXContainerItemProxy section */

/* Begin PBXCopyFilesBuildPhase section */
		EA6D13D82AE695D900AFBAF7 /* Embed Foundation Extensions */ = {
			isa = PBXCopyFilesBuildPhase;
			buildActionMask = 2147483647;
			dstPath = "";
			dstSubfolderSpec = 13;
			files = (
				EA6D13D42AE695D900AFBAF7 /* DailyCatalystWidgetExtension.appex in Embed Foundation Extensions */,
			);
			name = "Embed Foundation Extensions";
			runOnlyForDeploymentPostprocessing = 0;
		};
/* End PBXCopyFilesBuildPhase section */

/* Begin PBXFileReference section */
		EA0B98432AE57B4300E6F0AB /* EmptyImagePicker.swift */ = {isa = PBXFileReference; lastKnownFileType = sourcecode.swift; path = EmptyImagePicker.swift; sourceTree = "<group>"; };
		EA1978492AF909D400222DDA /* RectKey.swift */ = {isa = PBXFileReference; lastKnownFileType = sourcecode.swift; path = RectKey.swift; sourceTree = "<group>"; };
		EA1C5F502AE9F2CF00767CBD /* SettingsView.swift */ = {isa = PBXFileReference; lastKnownFileType = sourcecode.swift; path = SettingsView.swift; sourceTree = "<group>"; };
		EA2390102AAD611900F6AB28 /* Navigation+Extension.swift */ = {isa = PBXFileReference; lastKnownFileType = sourcecode.swift; path = "Navigation+Extension.swift"; sourceTree = "<group>"; };
		EA2C3BC92AC41F7100D2FBB3 /* Bundle-Decodable.swift */ = {isa = PBXFileReference; lastKnownFileType = sourcecode.swift; path = "Bundle-Decodable.swift"; sourceTree = "<group>"; };
		EA2C3BCC2AC46D3700D2FBB3 /* Award.swift */ = {isa = PBXFileReference; lastKnownFileType = sourcecode.swift; path = Award.swift; sourceTree = "<group>"; };
		EA2C3BCE2AC46DAB00D2FBB3 /* AwardsView.swift */ = {isa = PBXFileReference; lastKnownFileType = sourcecode.swift; path = AwardsView.swift; sourceTree = "<group>"; };
		EA31488A2AD3DB92005CEF84 /* SidebarViewToolbar.swift */ = {isa = PBXFileReference; lastKnownFileType = sourcecode.swift; path = SidebarViewToolbar.swift; sourceTree = "<group>"; };
		EA31488C2AD3E0E9005CEF84 /* CatalystViewToolbar.swift */ = {isa = PBXFileReference; lastKnownFileType = sourcecode.swift; path = CatalystViewToolbar.swift; sourceTree = "<group>"; };
		EA35AD502A939A1100B6A4D2 /* ImagePicker.swift */ = {isa = PBXFileReference; lastKnownFileType = sourcecode.swift; path = ImagePicker.swift; sourceTree = "<group>"; };
		EA398E4F2A7B907A00530474 /* CatalystView.swift */ = {isa = PBXFileReference; lastKnownFileType = sourcecode.swift; path = CatalystView.swift; sourceTree = "<group>"; };
		EA398E512A7B907F00530474 /* NoCatalystView.swift */ = {isa = PBXFileReference; lastKnownFileType = sourcecode.swift; path = NoCatalystView.swift; sourceTree = "<group>"; };
		EA3A7A762ADFB396006A93BC /* CatalystRowTransparent.swift */ = {isa = PBXFileReference; lastKnownFileType = sourcecode.swift; path = CatalystRowTransparent.swift; sourceTree = "<group>"; };
		EA3A7A782ADFB8CD006A93BC /* EmojiFunc.swift */ = {isa = PBXFileReference; lastKnownFileType = sourcecode.swift; path = EmojiFunc.swift; sourceTree = "<group>"; };
		EA3B48D12AFC973900C32C47 /* BorderedText.swift */ = {isa = PBXFileReference; lastKnownFileType = sourcecode.swift; path = BorderedText.swift; sourceTree = "<group>"; };
		EA44E62E2AD62927002B36B4 /* UserFilterRow.swift */ = {isa = PBXFileReference; lastKnownFileType = sourcecode.swift; path = UserFilterRow.swift; sourceTree = "<group>"; };
		EA5F7D952AD577B2003982D2 /* ContentViewToolbar.swift */ = {isa = PBXFileReference; lastKnownFileType = sourcecode.swift; path = ContentViewToolbar.swift; sourceTree = "<group>"; };
		EA6D13C02AE695D700AFBAF7 /* DailyCatalystWidgetExtension.appex */ = {isa = PBXFileReference; explicitFileType = "wrapper.app-extension"; includeInIndex = 0; path = DailyCatalystWidgetExtension.appex; sourceTree = BUILT_PRODUCTS_DIR; };
		EA6D13C22AE695D700AFBAF7 /* WidgetKit.framework */ = {isa = PBXFileReference; lastKnownFileType = wrapper.framework; name = WidgetKit.framework; path = System/Library/Frameworks/WidgetKit.framework; sourceTree = SDKROOT; };
		EA6D13C42AE695D700AFBAF7 /* SwiftUI.framework */ = {isa = PBXFileReference; lastKnownFileType = wrapper.framework; name = SwiftUI.framework; path = System/Library/Frameworks/SwiftUI.framework; sourceTree = SDKROOT; };
		EA6D13C72AE695D700AFBAF7 /* DailyCatalystWidgetBundle.swift */ = {isa = PBXFileReference; lastKnownFileType = sourcecode.swift; path = DailyCatalystWidgetBundle.swift; sourceTree = "<group>"; };
		EA6D13C92AE695D700AFBAF7 /* DailyCatalystWidgetLiveActivity.swift */ = {isa = PBXFileReference; lastKnownFileType = sourcecode.swift; path = DailyCatalystWidgetLiveActivity.swift; sourceTree = "<group>"; };
		EA6D13CB2AE695D700AFBAF7 /* DailyCatalystWidget.swift */ = {isa = PBXFileReference; lastKnownFileType = sourcecode.swift; path = DailyCatalystWidget.swift; sourceTree = "<group>"; };
		EA6D13CD2AE695D700AFBAF7 /* AppIntent.swift */ = {isa = PBXFileReference; lastKnownFileType = sourcecode.swift; path = AppIntent.swift; sourceTree = "<group>"; };
		EA6D13CF2AE695D900AFBAF7 /* Assets.xcassets */ = {isa = PBXFileReference; lastKnownFileType = folder.assetcatalog; path = Assets.xcassets; sourceTree = "<group>"; };
		EA6D13D12AE695D900AFBAF7 /* Info.plist */ = {isa = PBXFileReference; lastKnownFileType = text.plist.xml; path = Info.plist; sourceTree = "<group>"; };
		EA6D6F4C2A7FE9CF008B43AB /* NewIdentityView.swift */ = {isa = PBXFileReference; lastKnownFileType = sourcecode.swift; path = NewIdentityView.swift; sourceTree = "<group>"; };
		EA860E432AFA526A006A0BD6 /* AddScreenLayer.swift */ = {isa = PBXFileReference; lastKnownFileType = sourcecode.swift; path = AddScreenLayer.swift; sourceTree = "<group>"; };
		EA86A7282AA0CF9E007D090F /* WrappedHStackView.swift */ = {isa = PBXFileReference; lastKnownFileType = sourcecode.swift; path = WrappedHStackView.swift; sourceTree = "<group>"; };
		EA9BFB332AE3129000D15AE5 /* StaggeredGrid.swift */ = {isa = PBXFileReference; lastKnownFileType = sourcecode.swift; path = StaggeredGrid.swift; sourceTree = "<group>"; };
		EAA597872AF86CB10013C19F /* View+Extension.swift */ = {isa = PBXFileReference; lastKnownFileType = sourcecode.swift; path = "View+Extension.swift"; sourceTree = "<group>"; };
		EAB6E8A62A8F54A600986A61 /* SingleIdentity.swift */ = {isa = PBXFileReference; lastKnownFileType = sourcecode.swift; path = SingleIdentity.swift; sourceTree = "<group>"; };
		EAB7FCD72A7ABF8D0022F01D /* DailyCatalyst.entitlements */ = {isa = PBXFileReference; lastKnownFileType = text.plist.entitlements; path = DailyCatalyst.entitlements; sourceTree = "<group>"; };
		EAB7FCD82A7ABF960022F01D /* Info.plist */ = {isa = PBXFileReference; lastKnownFileType = text.plist; path = Info.plist; sourceTree = "<group>"; };
		EAB7FCD92A7AC0780022F01D /* SidebarView.swift */ = {isa = PBXFileReference; lastKnownFileType = sourcecode.swift; path = SidebarView.swift; sourceTree = "<group>"; };
		EAB7FCDB2A7AC07F0022F01D /* DetailView.swift */ = {isa = PBXFileReference; lastKnownFileType = sourcecode.swift; path = DetailView.swift; sourceTree = "<group>"; };
		EAB7FCDD2A7AC18E0022F01D /* Filter.swift */ = {isa = PBXFileReference; lastKnownFileType = sourcecode.swift; path = Filter.swift; sourceTree = "<group>"; };
		EABD657C2A7AF420002A0BDC /* Catalyst-CoreDataHelpers.swift */ = {isa = PBXFileReference; lastKnownFileType = sourcecode.swift; path = "Catalyst-CoreDataHelpers.swift"; sourceTree = "<group>"; };
		EABD657E2A7AF671002A0BDC /* Identity-CoreDataHelpers.swift */ = {isa = PBXFileReference; lastKnownFileType = sourcecode.swift; path = "Identity-CoreDataHelpers.swift"; sourceTree = "<group>"; };
		EABD65802A7AFCA3002A0BDC /* CatalystRow.swift */ = {isa = PBXFileReference; lastKnownFileType = sourcecode.swift; path = CatalystRow.swift; sourceTree = "<group>"; };
		EAD087952AC5C49100078E81 /* AnimatedAwardView.swift */ = {isa = PBXFileReference; lastKnownFileType = sourcecode.swift; path = AnimatedAwardView.swift; sourceTree = "<group>"; };
		EAD087972AC5C7DF00078E81 /* Awards.json */ = {isa = PBXFileReference; fileEncoding = 4; lastKnownFileType = text.json; path = Awards.json; sourceTree = "<group>"; };
		EAD087982AC5C7DF00078E81 /* Colors.xcassets */ = {isa = PBXFileReference; lastKnownFileType = folder.assetcatalog; path = Colors.xcassets; sourceTree = "<group>"; };
		EAD51EF62A790FFC00A777E7 /* DailyCatalyst.app */ = {isa = PBXFileReference; explicitFileType = wrapper.application; includeInIndex = 0; path = DailyCatalyst.app; sourceTree = BUILT_PRODUCTS_DIR; };
		EAD51EF92A790FFC00A777E7 /* DailyCatalystApp.swift */ = {isa = PBXFileReference; lastKnownFileType = sourcecode.swift; path = DailyCatalystApp.swift; sourceTree = "<group>"; };
		EAD51EFB2A790FFC00A777E7 /* ContentView.swift */ = {isa = PBXFileReference; lastKnownFileType = sourcecode.swift; path = ContentView.swift; sourceTree = "<group>"; };
		EAD51EFD2A790FFD00A777E7 /* Assets.xcassets */ = {isa = PBXFileReference; lastKnownFileType = folder.assetcatalog; path = Assets.xcassets; sourceTree = "<group>"; };
		EAD51F002A790FFD00A777E7 /* Preview Assets.xcassets */ = {isa = PBXFileReference; lastKnownFileType = folder.assetcatalog; path = "Preview Assets.xcassets"; sourceTree = "<group>"; };
		EAD51F082A79100700A777E7 /* Main.xcdatamodel */ = {isa = PBXFileReference; lastKnownFileType = wrapper.xcdatamodel; path = Main.xcdatamodel; sourceTree = "<group>"; };
		EAD51F0A2A79119400A777E7 /* DataController.swift */ = {isa = PBXFileReference; lastKnownFileType = sourcecode.swift; path = DataController.swift; sourceTree = "<group>"; };
		EADD7CDD2A9068FD00541B76 /* EmojiCard.swift */ = {isa = PBXFileReference; lastKnownFileType = sourcecode.swift; path = EmojiCard.swift; sourceTree = "<group>"; };
		EADE562B2A7E83A300F28948 /* NewCatalystView.swift */ = {isa = PBXFileReference; lastKnownFileType = sourcecode.swift; path = NewCatalystView.swift; sourceTree = "<group>"; };
		EAE516402AF75BC400D37877 /* Layer+Extensions.swift */ = {isa = PBXFileReference; fileEncoding = 4; lastKnownFileType = sourcecode.swift; path = "Layer+Extensions.swift"; sourceTree = "<group>"; };
		EAE516422AF75BC700D37877 /* Layer.swift */ = {isa = PBXFileReference; fileEncoding = 4; lastKnownFileType = sourcecode.swift; path = Layer.swift; sourceTree = "<group>"; };
/* End PBXFileReference section */

/* Begin PBXFrameworksBuildPhase section */
		EA6D13BD2AE695D700AFBAF7 /* Frameworks */ = {
			isa = PBXFrameworksBuildPhase;
			buildActionMask = 2147483647;
			files = (
				EA6D13C52AE695D700AFBAF7 /* SwiftUI.framework in Frameworks */,
				EA6D13C32AE695D700AFBAF7 /* WidgetKit.framework in Frameworks */,
			);
			runOnlyForDeploymentPostprocessing = 0;
		};
		EAD51EF32A790FFC00A777E7 /* Frameworks */ = {
			isa = PBXFrameworksBuildPhase;
			buildActionMask = 2147483647;
			files = (
				EAB293872AC9E9EF006355B1 /* SymbolPicker in Frameworks */,
			);
			runOnlyForDeploymentPostprocessing = 0;
		};
/* End PBXFrameworksBuildPhase section */

/* Begin PBXGroup section */
		EA2C3BCB2AC41F8100D2FBB3 /* Model */ = {
			isa = PBXGroup;
			children = (
				EAD087972AC5C7DF00078E81 /* Awards.json */,
				EA2C3BCC2AC46D3700D2FBB3 /* Award.swift */,
				EA2C3BC92AC41F7100D2FBB3 /* Bundle-Decodable.swift */,
				EAFF97E82A7BD47500887FCB /* Core Data */,
			);
			path = Model;
			sourceTree = "<group>";
		};
		EA452D662AF233C8008362F1 /* Deprecated Views */ = {
			isa = PBXGroup;
			children = (
				EABD65802A7AFCA3002A0BDC /* CatalystRow.swift */,
			);
			path = "Deprecated Views";
			sourceTree = "<group>";
		};
		EA6D13C12AE695D700AFBAF7 /* Frameworks */ = {
			isa = PBXGroup;
			children = (
				EA6D13C22AE695D700AFBAF7 /* WidgetKit.framework */,
				EA6D13C42AE695D700AFBAF7 /* SwiftUI.framework */,
			);
			name = Frameworks;
			sourceTree = "<group>";
		};
		EA6D13C62AE695D700AFBAF7 /* DailyCatalystWidget */ = {
			isa = PBXGroup;
			children = (
				EA6D13C72AE695D700AFBAF7 /* DailyCatalystWidgetBundle.swift */,
				EA6D13C92AE695D700AFBAF7 /* DailyCatalystWidgetLiveActivity.swift */,
				EA6D13CB2AE695D700AFBAF7 /* DailyCatalystWidget.swift */,
				EA6D13CD2AE695D700AFBAF7 /* AppIntent.swift */,
				EA6D13CF2AE695D900AFBAF7 /* Assets.xcassets */,
				EA6D13D12AE695D900AFBAF7 /* Info.plist */,
			);
			path = DailyCatalystWidget;
			sourceTree = "<group>";
		};
		EAD51EED2A790FFC00A777E7 = {
			isa = PBXGroup;
			children = (
				EAD51EF82A790FFC00A777E7 /* DailyCatalyst */,
				EA6D13C62AE695D700AFBAF7 /* DailyCatalystWidget */,
				EA6D13C12AE695D700AFBAF7 /* Frameworks */,
				EAD51EF72A790FFC00A777E7 /* Products */,
			);
			sourceTree = "<group>";
		};
		EAD51EF72A790FFC00A777E7 /* Products */ = {
			isa = PBXGroup;
			children = (
				EAD51EF62A790FFC00A777E7 /* DailyCatalyst.app */,
				EA6D13C02AE695D700AFBAF7 /* DailyCatalystWidgetExtension.appex */,
			);
			name = Products;
			sourceTree = "<group>";
		};
		EAD51EF82A790FFC00A777E7 /* DailyCatalyst */ = {
			isa = PBXGroup;
			children = (
				EAB7FCD82A7ABF960022F01D /* Info.plist */,
				EAB7FCD72A7ABF8D0022F01D /* DailyCatalyst.entitlements */,
				EAD51EF92A790FFC00A777E7 /* DailyCatalystApp.swift */,
				EA2C3BCB2AC41F8100D2FBB3 /* Model */,
				EAFF97E72A7BD1FA00887FCB /* View */,
				EAD51EFD2A790FFD00A777E7 /* Assets.xcassets */,
				EAD087982AC5C7DF00078E81 /* Colors.xcassets */,
				EAD51EFF2A790FFD00A777E7 /* Preview Content */,
			);
			path = DailyCatalyst;
			sourceTree = "<group>";
		};
		EAD51EFF2A790FFD00A777E7 /* Preview Content */ = {
			isa = PBXGroup;
			children = (
				EAD51F002A790FFD00A777E7 /* Preview Assets.xcassets */,
			);
			path = "Preview Content";
			sourceTree = "<group>";
		};
		EADD7CDC2A9068CA00541B76 /* View Components */ = {
			isa = PBXGroup;
			children = (
				EA3B48D12AFC973900C32C47 /* BorderedText.swift */,
				EAA597872AF86CB10013C19F /* View+Extension.swift */,
				EA9BFB332AE3129000D15AE5 /* StaggeredGrid.swift */,
				EA3A7A782ADFB8CD006A93BC /* EmojiFunc.swift */,
				EA398E512A7B907F00530474 /* NoCatalystView.swift */,
				EA2390102AAD611900F6AB28 /* Navigation+Extension.swift */,
				EA86A7282AA0CF9E007D090F /* WrappedHStackView.swift */,
				EA44E62E2AD62927002B36B4 /* UserFilterRow.swift */,
				EA3A7A762ADFB396006A93BC /* CatalystRowTransparent.swift */,
				EADD7CDD2A9068FD00541B76 /* EmojiCard.swift */,
				EAB6E8A62A8F54A600986A61 /* SingleIdentity.swift */,
			);
			path = "View Components";
			sourceTree = "<group>";
		};
		EAE516442AF75BCE00D37877 /* Quoted Views */ = {
			isa = PBXGroup;
			children = (
				EA35AD502A939A1100B6A4D2 /* ImagePicker.swift */,
				EA0B98432AE57B4300E6F0AB /* EmptyImagePicker.swift */,
				EAE516422AF75BC700D37877 /* Layer.swift */,
				EAE516402AF75BC400D37877 /* Layer+Extensions.swift */,
			);
			path = "Quoted Views";
			sourceTree = "<group>";
		};
		EAFF97E72A7BD1FA00887FCB /* View */ = {
			isa = PBXGroup;
			children = (
				EAB7FCD92A7AC0780022F01D /* SidebarView.swift */,
				EA31488A2AD3DB92005CEF84 /* SidebarViewToolbar.swift */,
				EA860E432AFA526A006A0BD6 /* AddScreenLayer.swift */,
				EAD51EFB2A790FFC00A777E7 /* ContentView.swift */,
				EA5F7D952AD577B2003982D2 /* ContentViewToolbar.swift */,
				EAB7FCDB2A7AC07F0022F01D /* DetailView.swift */,
				EA398E4F2A7B907A00530474 /* CatalystView.swift */,
				EA31488C2AD3E0E9005CEF84 /* CatalystViewToolbar.swift */,
				EADE562B2A7E83A300F28948 /* NewCatalystView.swift */,
				EA6D6F4C2A7FE9CF008B43AB /* NewIdentityView.swift */,
				EA2C3BCE2AC46DAB00D2FBB3 /* AwardsView.swift */,
				EAD087952AC5C49100078E81 /* AnimatedAwardView.swift */,
				EA1C5F502AE9F2CF00767CBD /* SettingsView.swift */,
				EA1978492AF909D400222DDA /* RectKey.swift */,
				EAE516442AF75BCE00D37877 /* Quoted Views */,
				EA452D662AF233C8008362F1 /* Deprecated Views */,
				EADD7CDC2A9068CA00541B76 /* View Components */,
			);
			path = View;
			sourceTree = "<group>";
		};
		EAFF97E82A7BD47500887FCB /* Core Data */ = {
			isa = PBXGroup;
			children = (
				EAD51F0A2A79119400A777E7 /* DataController.swift */,
				EABD657C2A7AF420002A0BDC /* Catalyst-CoreDataHelpers.swift */,
				EABD657E2A7AF671002A0BDC /* Identity-CoreDataHelpers.swift */,
				EAB7FCDD2A7AC18E0022F01D /* Filter.swift */,
				EAD51F072A79100700A777E7 /* Main.xcdatamodeld */,
			);
			path = "Core Data";
			sourceTree = "<group>";
		};
/* End PBXGroup section */

/* Begin PBXNativeTarget section */
		EA6D13BF2AE695D700AFBAF7 /* DailyCatalystWidgetExtension */ = {
			isa = PBXNativeTarget;
			buildConfigurationList = EA6D13D52AE695D900AFBAF7 /* Build configuration list for PBXNativeTarget "DailyCatalystWidgetExtension" */;
			buildPhases = (
				EA6D13BC2AE695D700AFBAF7 /* Sources */,
				EA6D13BD2AE695D700AFBAF7 /* Frameworks */,
				EA6D13BE2AE695D700AFBAF7 /* Resources */,
			);
			buildRules = (
			);
			dependencies = (
			);
			name = DailyCatalystWidgetExtension;
			productName = DailyCatalystWidgetExtension;
			productReference = EA6D13C02AE695D700AFBAF7 /* DailyCatalystWidgetExtension.appex */;
			productType = "com.apple.product-type.app-extension";
		};
		EAD51EF52A790FFC00A777E7 /* DailyCatalyst */ = {
			isa = PBXNativeTarget;
			buildConfigurationList = EAD51F042A790FFD00A777E7 /* Build configuration list for PBXNativeTarget "DailyCatalyst" */;
			buildPhases = (
				EAD51EF22A790FFC00A777E7 /* Sources */,
				EAD51EF32A790FFC00A777E7 /* Frameworks */,
				EAD51EF42A790FFC00A777E7 /* Resources */,
				EA44E6322AD67781002B36B4 /* ShellScript */,
				EA6D13D82AE695D900AFBAF7 /* Embed Foundation Extensions */,
			);
			buildRules = (
			);
			dependencies = (
				EA6D13D32AE695D900AFBAF7 /* PBXTargetDependency */,
			);
			name = DailyCatalyst;
			packageProductDependencies = (
				EAB293862AC9E9EF006355B1 /* SymbolPicker */,
			);
			productName = MarkPortfolio;
			productReference = EAD51EF62A790FFC00A777E7 /* DailyCatalyst.app */;
			productType = "com.apple.product-type.application";
		};
/* End PBXNativeTarget section */

/* Begin PBXProject section */
		EAD51EEE2A790FFC00A777E7 /* Project object */ = {
			isa = PBXProject;
			attributes = {
				BuildIndependentTargetsInParallel = 1;
				LastSwiftUpdateCheck = 1500;
				LastUpgradeCheck = 1500;
				TargetAttributes = {
					EA6D13BF2AE695D700AFBAF7 = {
						CreatedOnToolsVersion = 15.0;
					};
					EAD51EF52A790FFC00A777E7 = {
						CreatedOnToolsVersion = 14.3.1;
					};
				};
			};
			buildConfigurationList = EAD51EF12A790FFC00A777E7 /* Build configuration list for PBXProject "DailyCatalyst" */;
			compatibilityVersion = "Xcode 14.0";
			developmentRegion = en;
			hasScannedForEncodings = 0;
			knownRegions = (
				en,
				Base,
			);
			mainGroup = EAD51EED2A790FFC00A777E7;
			packageReferences = (
				EAB293852AC9E9EF006355B1 /* XCLocalSwiftPackageReference "../../Desktop/Daily Catalyst/SymbolPicker-main" */,
			);
			productRefGroup = EAD51EF72A790FFC00A777E7 /* Products */;
			projectDirPath = "";
			projectRoot = "";
			targets = (
				EAD51EF52A790FFC00A777E7 /* DailyCatalyst */,
				EA6D13BF2AE695D700AFBAF7 /* DailyCatalystWidgetExtension */,
			);
		};
/* End PBXProject section */

/* Begin PBXResourcesBuildPhase section */
		EA6D13BE2AE695D700AFBAF7 /* Resources */ = {
			isa = PBXResourcesBuildPhase;
			buildActionMask = 2147483647;
			files = (
				EA6D13D02AE695D900AFBAF7 /* Assets.xcassets in Resources */,
			);
			runOnlyForDeploymentPostprocessing = 0;
		};
		EAD51EF42A790FFC00A777E7 /* Resources */ = {
			isa = PBXResourcesBuildPhase;
			buildActionMask = 2147483647;
			files = (
				EAD51F012A790FFD00A777E7 /* Preview Assets.xcassets in Resources */,
				EAD0879A2AC5C7DF00078E81 /* Colors.xcassets in Resources */,
				EAD087992AC5C7DF00078E81 /* Awards.json in Resources */,
				EAD51EFE2A790FFD00A777E7 /* Assets.xcassets in Resources */,
			);
			runOnlyForDeploymentPostprocessing = 0;
		};
/* End PBXResourcesBuildPhase section */

/* Begin PBXShellScriptBuildPhase section */
		EA44E6322AD67781002B36B4 /* ShellScript */ = {
			isa = PBXShellScriptBuildPhase;
			buildActionMask = 2147483647;
			files = (
			);
			inputFileListPaths = (
			);
			inputPaths = (
			);
			outputFileListPaths = (
			);
			outputPaths = (
			);
			runOnlyForDeploymentPostprocessing = 0;
			shellPath = /bin/sh;
			shellScript = "# Type a script or drag a script file from your workspace to insert its path.\nif which swiftlint >dev/null; then\n    swiftlint\nelse\n    echo \"SwiftLint not installed\"\nfi\n";
		};
/* End PBXShellScriptBuildPhase section */

/* Begin PBXSourcesBuildPhase section */
		EA6D13BC2AE695D700AFBAF7 /* Sources */ = {
			isa = PBXSourcesBuildPhase;
			buildActionMask = 2147483647;
			files = (
				EA6D13C82AE695D700AFBAF7 /* DailyCatalystWidgetBundle.swift in Sources */,
				EA6D13CE2AE695D700AFBAF7 /* AppIntent.swift in Sources */,
				EA6D13CA2AE695D700AFBAF7 /* DailyCatalystWidgetLiveActivity.swift in Sources */,
				EA6D13CC2AE695D700AFBAF7 /* DailyCatalystWidget.swift in Sources */,
			);
			runOnlyForDeploymentPostprocessing = 0;
		};
		EAD51EF22A790FFC00A777E7 /* Sources */ = {
			isa = PBXSourcesBuildPhase;
			buildActionMask = 2147483647;
			files = (
				EAB7FCDE2A7AC18E0022F01D /* Filter.swift in Sources */,
				EA2C3BCD2AC46D3700D2FBB3 /* Award.swift in Sources */,
				EAE516412AF75BC400D37877 /* Layer+Extensions.swift in Sources */,
				EA2C3BCF2AC46DAB00D2FBB3 /* AwardsView.swift in Sources */,
				EABD657F2A7AF671002A0BDC /* Identity-CoreDataHelpers.swift in Sources */,
				EABD657D2A7AF420002A0BDC /* Catalyst-CoreDataHelpers.swift in Sources */,
				EA0B98442AE57B4300E6F0AB /* EmptyImagePicker.swift in Sources */,
				EA860E442AFA526A006A0BD6 /* AddScreenLayer.swift in Sources */,
				EA19784A2AF909D400222DDA /* RectKey.swift in Sources */,
				EAD087962AC5C49100078E81 /* AnimatedAwardView.swift in Sources */,
				EA3A7A792ADFB8CD006A93BC /* EmojiFunc.swift in Sources */,
				EA3A7A772ADFB396006A93BC /* CatalystRowTransparent.swift in Sources */,
				EA35AD512A939A1100B6A4D2 /* ImagePicker.swift in Sources */,
				EAB6E8A72A8F54A600986A61 /* SingleIdentity.swift in Sources */,
				EAA597882AF86CB10013C19F /* View+Extension.swift in Sources */,
				EA44E62F2AD62927002B36B4 /* UserFilterRow.swift in Sources */,
				EAD51F092A79100700A777E7 /* Main.xcdatamodeld in Sources */,
				EA398E522A7B907F00530474 /* NoCatalystView.swift in Sources */,
				EA9BFB342AE3129000D15AE5 /* StaggeredGrid.swift in Sources */,
				EA3B48D22AFC973900C32C47 /* BorderedText.swift in Sources */,
				EA2C3BCA2AC41F7100D2FBB3 /* Bundle-Decodable.swift in Sources */,
				EA398E502A7B907A00530474 /* CatalystView.swift in Sources */,
				EAB7FCDC2A7AC07F0022F01D /* DetailView.swift in Sources */,
				EAD51F0B2A79119400A777E7 /* DataController.swift in Sources */,
				EADD7CDE2A9068FD00541B76 /* EmojiCard.swift in Sources */,
				EAE516432AF75BC700D37877 /* Layer.swift in Sources */,
				EA31488D2AD3E0E9005CEF84 /* CatalystViewToolbar.swift in Sources */,
				EA6D6F4D2A7FE9CF008B43AB /* NewIdentityView.swift in Sources */,
				EA86A7292AA0CF9E007D090F /* WrappedHStackView.swift in Sources */,
				EA5F7D962AD577B2003982D2 /* ContentViewToolbar.swift in Sources */,
				EA2390112AAD611900F6AB28 /* Navigation+Extension.swift in Sources */,
				EA1C5F512AE9F2CF00767CBD /* SettingsView.swift in Sources */,
				EAB7FCDA2A7AC0780022F01D /* SidebarView.swift in Sources */,
				EA31488B2AD3DB92005CEF84 /* SidebarViewToolbar.swift in Sources */,
				EADE562C2A7E83A300F28948 /* NewCatalystView.swift in Sources */,
				EABD65812A7AFCA3002A0BDC /* CatalystRow.swift in Sources */,
				EAD51EFC2A790FFC00A777E7 /* ContentView.swift in Sources */,
				EAD51EFA2A790FFC00A777E7 /* DailyCatalystApp.swift in Sources */,
			);
			runOnlyForDeploymentPostprocessing = 0;
		};
/* End PBXSourcesBuildPhase section */

/* Begin PBXTargetDependency section */
		EA6D13D32AE695D900AFBAF7 /* PBXTargetDependency */ = {
			isa = PBXTargetDependency;
			target = EA6D13BF2AE695D700AFBAF7 /* DailyCatalystWidgetExtension */;
			targetProxy = EA6D13D22AE695D900AFBAF7 /* PBXContainerItemProxy */;
		};
/* End PBXTargetDependency section */

/* Begin XCBuildConfiguration section */
		EA6D13D62AE695D900AFBAF7 /* Debug */ = {
			isa = XCBuildConfiguration;
			buildSettings = {
				ASSETCATALOG_COMPILER_GENERATE_SWIFT_ASSET_SYMBOL_EXTENSIONS = YES;
				ASSETCATALOG_COMPILER_GLOBAL_ACCENT_COLOR_NAME = AccentColor;
				ASSETCATALOG_COMPILER_WIDGET_BACKGROUND_COLOR_NAME = WidgetBackground;
				CODE_SIGN_STYLE = Automatic;
				CURRENT_PROJECT_VERSION = 1;
				DEVELOPMENT_TEAM = TMC46L5FQM;
				GCC_C_LANGUAGE_STANDARD = gnu17;
				GENERATE_INFOPLIST_FILE = YES;
				INFOPLIST_FILE = DailyCatalystWidget/Info.plist;
				INFOPLIST_KEY_CFBundleDisplayName = DailyCatalystWidget;
				INFOPLIST_KEY_NSHumanReadableCopyright = "";
				LD_RUNPATH_SEARCH_PATHS = (
					"$(inherited)",
					"@executable_path/Frameworks",
					"@executable_path/../../Frameworks",
				);
				LOCALIZATION_PREFERS_STRING_CATALOGS = YES;
				MARKETING_VERSION = 1.0;
				PRODUCT_BUNDLE_IDENTIFIER = com.markview.dailycatalyst.DailyCatalystWidget;
				PRODUCT_NAME = "$(TARGET_NAME)";
				SKIP_INSTALL = YES;
				SWIFT_ACTIVE_COMPILATION_CONDITIONS = "DEBUG $(inherited)";
				SWIFT_EMIT_LOC_STRINGS = YES;
				SWIFT_VERSION = 5.0;
				TARGETED_DEVICE_FAMILY = "1,2";
			};
			name = Debug;
		};
		EA6D13D72AE695D900AFBAF7 /* Release */ = {
			isa = XCBuildConfiguration;
			buildSettings = {
				ASSETCATALOG_COMPILER_GENERATE_SWIFT_ASSET_SYMBOL_EXTENSIONS = YES;
				ASSETCATALOG_COMPILER_GLOBAL_ACCENT_COLOR_NAME = AccentColor;
				ASSETCATALOG_COMPILER_WIDGET_BACKGROUND_COLOR_NAME = WidgetBackground;
				CODE_SIGN_STYLE = Automatic;
				CURRENT_PROJECT_VERSION = 1;
				DEVELOPMENT_TEAM = TMC46L5FQM;
				GCC_C_LANGUAGE_STANDARD = gnu17;
				GENERATE_INFOPLIST_FILE = YES;
				INFOPLIST_FILE = DailyCatalystWidget/Info.plist;
				INFOPLIST_KEY_CFBundleDisplayName = DailyCatalystWidget;
				INFOPLIST_KEY_NSHumanReadableCopyright = "";
				LD_RUNPATH_SEARCH_PATHS = (
					"$(inherited)",
					"@executable_path/Frameworks",
					"@executable_path/../../Frameworks",
				);
				LOCALIZATION_PREFERS_STRING_CATALOGS = YES;
				MARKETING_VERSION = 1.0;
				PRODUCT_BUNDLE_IDENTIFIER = com.markview.dailycatalyst.DailyCatalystWidget;
				PRODUCT_NAME = "$(TARGET_NAME)";
				SKIP_INSTALL = YES;
				SWIFT_EMIT_LOC_STRINGS = YES;
				SWIFT_VERSION = 5.0;
				TARGETED_DEVICE_FAMILY = "1,2";
			};
			name = Release;
		};
		EAD51F022A790FFD00A777E7 /* Debug */ = {
			isa = XCBuildConfiguration;
			buildSettings = {
				ALWAYS_SEARCH_USER_PATHS = NO;
				CLANG_ANALYZER_NONNULL = YES;
				CLANG_ANALYZER_NUMBER_OBJECT_CONVERSION = YES_AGGRESSIVE;
				CLANG_CXX_LANGUAGE_STANDARD = "gnu++20";
				CLANG_ENABLE_MODULES = YES;
				CLANG_ENABLE_OBJC_ARC = YES;
				CLANG_ENABLE_OBJC_WEAK = YES;
				CLANG_WARN_BLOCK_CAPTURE_AUTORELEASING = YES;
				CLANG_WARN_BOOL_CONVERSION = YES;
				CLANG_WARN_COMMA = YES;
				CLANG_WARN_CONSTANT_CONVERSION = YES;
				CLANG_WARN_DEPRECATED_OBJC_IMPLEMENTATIONS = YES;
				CLANG_WARN_DIRECT_OBJC_ISA_USAGE = YES_ERROR;
				CLANG_WARN_DOCUMENTATION_COMMENTS = YES;
				CLANG_WARN_EMPTY_BODY = YES;
				CLANG_WARN_ENUM_CONVERSION = YES;
				CLANG_WARN_INFINITE_RECURSION = YES;
				CLANG_WARN_INT_CONVERSION = YES;
				CLANG_WARN_NON_LITERAL_NULL_CONVERSION = YES;
				CLANG_WARN_OBJC_IMPLICIT_RETAIN_SELF = YES;
				CLANG_WARN_OBJC_LITERAL_CONVERSION = YES;
				CLANG_WARN_OBJC_ROOT_CLASS = YES_ERROR;
				CLANG_WARN_QUOTED_INCLUDE_IN_FRAMEWORK_HEADER = YES;
				CLANG_WARN_RANGE_LOOP_ANALYSIS = YES;
				CLANG_WARN_STRICT_PROTOTYPES = YES;
				CLANG_WARN_SUSPICIOUS_MOVE = YES;
				CLANG_WARN_UNGUARDED_AVAILABILITY = YES_AGGRESSIVE;
				CLANG_WARN_UNREACHABLE_CODE = YES;
				CLANG_WARN__DUPLICATE_METHOD_MATCH = YES;
				COPY_PHASE_STRIP = NO;
				DEBUG_INFORMATION_FORMAT = dwarf;
				ENABLE_STRICT_OBJC_MSGSEND = YES;
				ENABLE_TESTABILITY = YES;
				ENABLE_USER_SCRIPT_SANDBOXING = YES;
				GCC_C_LANGUAGE_STANDARD = gnu11;
				GCC_DYNAMIC_NO_PIC = NO;
				GCC_NO_COMMON_BLOCKS = YES;
				GCC_OPTIMIZATION_LEVEL = 0;
				GCC_PREPROCESSOR_DEFINITIONS = (
					"DEBUG=1",
					"$(inherited)",
				);
				GCC_WARN_64_TO_32_BIT_CONVERSION = YES;
				GCC_WARN_ABOUT_RETURN_TYPE = YES_ERROR;
				GCC_WARN_UNDECLARED_SELECTOR = YES;
				GCC_WARN_UNINITIALIZED_AUTOS = YES_AGGRESSIVE;
				GCC_WARN_UNUSED_FUNCTION = YES;
				GCC_WARN_UNUSED_VARIABLE = YES;
				IPHONEOS_DEPLOYMENT_TARGET = 17.0;
				MACOSX_DEPLOYMENT_TARGET = 14.0;
				MTL_ENABLE_DEBUG_INFO = INCLUDE_SOURCE;
				MTL_FAST_MATH = YES;
				ONLY_ACTIVE_ARCH = YES;
				SDKROOT = iphoneos;
				SWIFT_ACTIVE_COMPILATION_CONDITIONS = DEBUG;
				SWIFT_OPTIMIZATION_LEVEL = "-Onone";
			};
			name = Debug;
		};
		EAD51F032A790FFD00A777E7 /* Release */ = {
			isa = XCBuildConfiguration;
			buildSettings = {
				ALWAYS_SEARCH_USER_PATHS = NO;
				CLANG_ANALYZER_NONNULL = YES;
				CLANG_ANALYZER_NUMBER_OBJECT_CONVERSION = YES_AGGRESSIVE;
				CLANG_CXX_LANGUAGE_STANDARD = "gnu++20";
				CLANG_ENABLE_MODULES = YES;
				CLANG_ENABLE_OBJC_ARC = YES;
				CLANG_ENABLE_OBJC_WEAK = YES;
				CLANG_WARN_BLOCK_CAPTURE_AUTORELEASING = YES;
				CLANG_WARN_BOOL_CONVERSION = YES;
				CLANG_WARN_COMMA = YES;
				CLANG_WARN_CONSTANT_CONVERSION = YES;
				CLANG_WARN_DEPRECATED_OBJC_IMPLEMENTATIONS = YES;
				CLANG_WARN_DIRECT_OBJC_ISA_USAGE = YES_ERROR;
				CLANG_WARN_DOCUMENTATION_COMMENTS = YES;
				CLANG_WARN_EMPTY_BODY = YES;
				CLANG_WARN_ENUM_CONVERSION = YES;
				CLANG_WARN_INFINITE_RECURSION = YES;
				CLANG_WARN_INT_CONVERSION = YES;
				CLANG_WARN_NON_LITERAL_NULL_CONVERSION = YES;
				CLANG_WARN_OBJC_IMPLICIT_RETAIN_SELF = YES;
				CLANG_WARN_OBJC_LITERAL_CONVERSION = YES;
				CLANG_WARN_OBJC_ROOT_CLASS = YES_ERROR;
				CLANG_WARN_QUOTED_INCLUDE_IN_FRAMEWORK_HEADER = YES;
				CLANG_WARN_RANGE_LOOP_ANALYSIS = YES;
				CLANG_WARN_STRICT_PROTOTYPES = YES;
				CLANG_WARN_SUSPICIOUS_MOVE = YES;
				CLANG_WARN_UNGUARDED_AVAILABILITY = YES_AGGRESSIVE;
				CLANG_WARN_UNREACHABLE_CODE = YES;
				CLANG_WARN__DUPLICATE_METHOD_MATCH = YES;
				COPY_PHASE_STRIP = NO;
				DEBUG_INFORMATION_FORMAT = "dwarf-with-dsym";
				ENABLE_NS_ASSERTIONS = NO;
				ENABLE_STRICT_OBJC_MSGSEND = YES;
				ENABLE_USER_SCRIPT_SANDBOXING = YES;
				GCC_C_LANGUAGE_STANDARD = gnu11;
				GCC_NO_COMMON_BLOCKS = YES;
				GCC_WARN_64_TO_32_BIT_CONVERSION = YES;
				GCC_WARN_ABOUT_RETURN_TYPE = YES_ERROR;
				GCC_WARN_UNDECLARED_SELECTOR = YES;
				GCC_WARN_UNINITIALIZED_AUTOS = YES_AGGRESSIVE;
				GCC_WARN_UNUSED_FUNCTION = YES;
				GCC_WARN_UNUSED_VARIABLE = YES;
				IPHONEOS_DEPLOYMENT_TARGET = 17.0;
				MACOSX_DEPLOYMENT_TARGET = 14.0;
				MTL_ENABLE_DEBUG_INFO = NO;
				MTL_FAST_MATH = YES;
				SDKROOT = iphoneos;
				SWIFT_COMPILATION_MODE = wholemodule;
				SWIFT_OPTIMIZATION_LEVEL = "-O";
				VALIDATE_PRODUCT = YES;
			};
			name = Release;
		};
		EAD51F052A790FFD00A777E7 /* Debug */ = {
			isa = XCBuildConfiguration;
			buildSettings = {
				ALWAYS_EMBED_SWIFT_STANDARD_LIBRARIES = YES;
				ASSETCATALOG_COMPILER_APPICON_NAME = AppIcon;
				ASSETCATALOG_COMPILER_GLOBAL_ACCENT_COLOR_NAME = AccentColor;
				CODE_SIGN_ENTITLEMENTS = DailyCatalyst/DailyCatalyst.entitlements;
				CODE_SIGN_STYLE = Automatic;
				CURRENT_PROJECT_VERSION = 1;
				DEVELOPMENT_ASSET_PATHS = "\"DailyCatalyst/Preview Content\"";
				DEVELOPMENT_TEAM = TMC46L5FQM;
				ENABLE_PREVIEWS = YES;
				GENERATE_INFOPLIST_FILE = YES;
				INFOPLIST_FILE = DailyCatalyst/Info.plist;
				INFOPLIST_KEY_CFBundleDisplayName = "Daily Catalyst";
				INFOPLIST_KEY_UIApplicationSceneManifest_Generation = YES;
				INFOPLIST_KEY_UIApplicationSupportsIndirectInputEvents = YES;
				INFOPLIST_KEY_UILaunchScreen_Generation = YES;
				INFOPLIST_KEY_UISupportedInterfaceOrientations_iPad = "UIInterfaceOrientationPortrait UIInterfaceOrientationPortraitUpsideDown UIInterfaceOrientationLandscapeLeft UIInterfaceOrientationLandscapeRight";
				INFOPLIST_KEY_UISupportedInterfaceOrientations_iPhone = UIInterfaceOrientationPortrait;
				IPHONEOS_DEPLOYMENT_TARGET = 17.0;
				LD_RUNPATH_SEARCH_PATHS = (
					"$(inherited)",
					"@executable_path/Frameworks",
				);
				MACOSX_DEPLOYMENT_TARGET = 14.0;
				MARKETING_VERSION = 1.0;
				PRODUCT_BUNDLE_IDENTIFIER = com.markview.dailycatalyst;
				PRODUCT_NAME = "$(TARGET_NAME)";
				SUPPORTED_PLATFORMS = "iphoneos iphonesimulator macosx";
				SUPPORTS_MACCATALYST = NO;
				SUPPORTS_MAC_DESIGNED_FOR_IPHONE_IPAD = NO;
				SWIFT_EMIT_LOC_STRINGS = YES;
				SWIFT_VERSION = 5.0;
				TARGETED_DEVICE_FAMILY = "1,2";
			};
			name = Debug;
		};
		EAD51F062A790FFD00A777E7 /* Release */ = {
			isa = XCBuildConfiguration;
			buildSettings = {
				ALWAYS_EMBED_SWIFT_STANDARD_LIBRARIES = YES;
				ASSETCATALOG_COMPILER_APPICON_NAME = AppIcon;
				ASSETCATALOG_COMPILER_GLOBAL_ACCENT_COLOR_NAME = AccentColor;
				CODE_SIGN_ENTITLEMENTS = DailyCatalyst/DailyCatalyst.entitlements;
				CODE_SIGN_STYLE = Automatic;
				CURRENT_PROJECT_VERSION = 1;
				DEVELOPMENT_ASSET_PATHS = "\"DailyCatalyst/Preview Content\"";
				DEVELOPMENT_TEAM = TMC46L5FQM;
				ENABLE_PREVIEWS = YES;
				GENERATE_INFOPLIST_FILE = YES;
				INFOPLIST_FILE = DailyCatalyst/Info.plist;
				INFOPLIST_KEY_CFBundleDisplayName = "Daily Catalyst";
				INFOPLIST_KEY_UIApplicationSceneManifest_Generation = YES;
				INFOPLIST_KEY_UIApplicationSupportsIndirectInputEvents = YES;
				INFOPLIST_KEY_UILaunchScreen_Generation = YES;
				INFOPLIST_KEY_UISupportedInterfaceOrientations_iPad = "UIInterfaceOrientationPortrait UIInterfaceOrientationPortraitUpsideDown UIInterfaceOrientationLandscapeLeft UIInterfaceOrientationLandscapeRight";
				INFOPLIST_KEY_UISupportedInterfaceOrientations_iPhone = UIInterfaceOrientationPortrait;
				IPHONEOS_DEPLOYMENT_TARGET = 17.0;
				LD_RUNPATH_SEARCH_PATHS = (
					"$(inherited)",
					"@executable_path/Frameworks",
				);
				MACOSX_DEPLOYMENT_TARGET = 14.0;
				MARKETING_VERSION = 1.0;
				PRODUCT_BUNDLE_IDENTIFIER = com.markview.dailycatalyst;
				PRODUCT_NAME = "$(TARGET_NAME)";
				SUPPORTED_PLATFORMS = "iphoneos iphonesimulator macosx";
				SUPPORTS_MACCATALYST = NO;
				SUPPORTS_MAC_DESIGNED_FOR_IPHONE_IPAD = NO;
				SWIFT_EMIT_LOC_STRINGS = YES;
				SWIFT_VERSION = 5.0;
				TARGETED_DEVICE_FAMILY = "1,2";
			};
			name = Release;
		};
/* End XCBuildConfiguration section */

/* Begin XCConfigurationList section */
		EA6D13D52AE695D900AFBAF7 /* Build configuration list for PBXNativeTarget "DailyCatalystWidgetExtension" */ = {
			isa = XCConfigurationList;
			buildConfigurations = (
				EA6D13D62AE695D900AFBAF7 /* Debug */,
				EA6D13D72AE695D900AFBAF7 /* Release */,
			);
			defaultConfigurationIsVisible = 0;
			defaultConfigurationName = Release;
		};
		EAD51EF12A790FFC00A777E7 /* Build configuration list for PBXProject "DailyCatalyst" */ = {
			isa = XCConfigurationList;
			buildConfigurations = (
				EAD51F022A790FFD00A777E7 /* Debug */,
				EAD51F032A790FFD00A777E7 /* Release */,
			);
			defaultConfigurationIsVisible = 0;
			defaultConfigurationName = Release;
		};
		EAD51F042A790FFD00A777E7 /* Build configuration list for PBXNativeTarget "DailyCatalyst" */ = {
			isa = XCConfigurationList;
			buildConfigurations = (
				EAD51F052A790FFD00A777E7 /* Debug */,
				EAD51F062A790FFD00A777E7 /* Release */,
			);
			defaultConfigurationIsVisible = 0;
			defaultConfigurationName = Release;
		};
/* End XCConfigurationList section */

/* Begin XCLocalSwiftPackageReference section */
		EAB293852AC9E9EF006355B1 /* XCLocalSwiftPackageReference "../../Desktop/Daily Catalyst/SymbolPicker-main" */ = {
			isa = XCLocalSwiftPackageReference;
			relativePath = "../../Desktop/Daily Catalyst/SymbolPicker-main";
		};
/* End XCLocalSwiftPackageReference section */

/* Begin XCSwiftPackageProductDependency section */
		EAB293862AC9E9EF006355B1 /* SymbolPicker */ = {
			isa = XCSwiftPackageProductDependency;
			productName = SymbolPicker;
		};
/* End XCSwiftPackageProductDependency section */

/* Begin XCVersionGroup section */
		EAD51F072A79100700A777E7 /* Main.xcdatamodeld */ = {
			isa = XCVersionGroup;
			children = (
				EAD51F082A79100700A777E7 /* Main.xcdatamodel */,
			);
			currentVersion = EAD51F082A79100700A777E7 /* Main.xcdatamodel */;
			path = Main.xcdatamodeld;
			sourceTree = "<group>";
			versionGroupType = wrapper.xcdatamodel;
		};
/* End XCVersionGroup section */
	};
	rootObject = EAD51EEE2A790FFC00A777E7 /* Project object */;
}
